schema: '2.0'
stages:
  fetch:
    cmd: poetry run python src/data/fetch_temp_data.py
    deps:
    - path: src/data/fetch_temp_data.py
      hash: md5
      md5: 1aebfffd7dd1e33444759299dcd0a806
      size: 1445
    params:
      params.yaml:
        fetch.base_url: https://meteo.arso.gov.si/uploads/probase/www/observ/surface/text/sl/recent/
        fetch.output_file_path_template: data/raw/temp/temp_data_{station}.xml
        fetch.station_url_suffix: observationAms_{station}_history.xml
        stations:
        - LENDAVA
    outs:
    - path: data/raw/temp/
      hash: md5
      md5: c1829ac61fe9d7fba57aa33e0f94ccc2.dir
      size: 766557
      nfiles: 1
  preprocess:
    cmd: poetry run python src/data/preprocess_temp_data.py
    deps:
    - path: data/raw/temp/
      hash: md5
      md5: c1829ac61fe9d7fba57aa33e0f94ccc2.dir
      size: 766557
      nfiles: 1
    - path: src/data/preprocess_temp_data.py
      hash: md5
      md5: 9d7622e606563284f2c17e8c448bd2fc
      size: 6075
    params:
      params.yaml:
        preprocess.data_columns:
        - Location
        - Date
        - Temperature
        - Temperature dew point
        - Temperature average in time interval
        - Temperature maximum in time interval
        - Temperature minimum in time interval
        - Humidity relative
        - Humidity relative average in time interval
        - Wind direction
        - Wind direction average in time interval
        - Wind direction maximum gust in time interval
        - Wind speed
        - Wind speed average in time interval
        - Wind speed maximum in time interval
        - Air pressure
        - Air pressure average in time interval
        - Precipitation total in time interval
        - Solar radiation
        - Solar radiation average in time interval
        preprocess.filter_half_hour_stations:
        - PTUJ
        preprocess.input_file_path_template: data/raw/temp/temp_data_{station}.xml
        preprocess.output_file_path_template: data/preprocessed/temp/{station}.csv
        preprocess.xml_data_tag: metData
        stations:
        - LENDAVA
    outs:
    - path: data/preprocessed/temp/
      hash: md5
      md5: 87955e5bb6c9da46fa362caadacf1f08.dir
      size: 2849906
      nfiles: 7
  validation:
    cmd: "cd gx && poetry run python validate_data.py\n"
    deps:
    - path: data/preprocessed/temp/
      hash: md5
      md5: 87955e5bb6c9da46fa362caadacf1f08.dir
      size: 2849906
      nfiles: 7
    - path: gx/validate_data.py
      hash: md5
      md5: 362e6c11507fb12a6a4faea19ad28cde
      size: 4125
    params:
      params.yaml:
        validate.base_dir: ../data/preprocessed/temp/
        validate.checkpoint_name: temperature_checkpoint
        validate.checkpoint_run_id: temperature_run
        validate.data_asset_name: temperature_data
        validate.data_source_name: temperature
        validate.expectation_suite_name: temperature_suite
    outs:
    - path: gx/uncommitted
      hash: md5
      md5: 90426a9d1c5657ae1593455cb4c9be81.dir
      size: 31829149
      nfiles: 522
  list_preprocessed_files:
    cmd: ls -lh data/preprocessed/temp/
    deps:
    - path: data/preprocessed/temp/
      hash: md5
      md5: 1cd19aef236de5eeafe2fc0900b828e0.dir
      size: 2214530
      nfiles: 7
  test_data:
    cmd: poetry run python src/data/test_data.py
    deps:
    - path: data/preprocessed/temp
      hash: md5
      md5: 87955e5bb6c9da46fa362caadacf1f08.dir
      size: 2849906
      nfiles: 7
    - path: src/data/test_data.py
      hash: md5
      md5: 47e9ce852765445c0644052357d28223
      size: 4061
    params:
      params.yaml:
        preprocess.output_file_path_template: data/preprocessed/temp/{station}.csv
        stations:
        - LENDAVA
        test.reference_file_path_template: data/reference/temp/{station}.csv
        test.reports_file_path_template: reports/{station}
    outs:
    - path: data/reference/temp
      hash: md5
      md5: d48ecb291c99ded9438d3497e0dc8fb0.dir
      size: 2234739
      nfiles: 7
    - path: reports
      hash: md5
      md5: 2c1133f80ec8e48d3ef1f9f40e71f30e.dir
      size: 790062469
      nfiles: 142
  train_model:
    cmd: poetry run python src/models/train.py
    deps:
    - path: data/preprocessed/temp/
      hash: md5
      md5: 87955e5bb6c9da46fa362caadacf1f08.dir
      size: 2849906
      nfiles: 7
    - path: data/reference/temp/
      hash: md5
      md5: d48ecb291c99ded9438d3497e0dc8fb0.dir
      size: 2234739
      nfiles: 7
    - path: gx/uncommitted
      hash: md5
      md5: 90426a9d1c5657ae1593455cb4c9be81.dir
      size: 31829149
      nfiles: 522
    - path: src/models/model.py
      hash: md5
      md5: d0ae3518d6f52d7ea92292ad7a40b020
      size: 3006
    - path: src/models/preprocess.py
      hash: md5
      md5: a080cfe174de643142ee941acdf48741
      size: 3953
    - path: src/models/train.py
      hash: md5
      md5: 27c6e801e85fae051041d6b4f77e8aac
      size: 8116
    params:
      params.yaml:
        stations:
        - LENDAVA
        train.batch_size: 32
        train.columns_to_drop:
        - Location
        - Temperature average in time interval
        - Temperature maximum in time interval
        - Temperature minimum in time interval
        - Humidity relative average in time interval
        - Wind direction average in time interval
        - Wind direction maximum gust in time interval
        - Wind speed average in time interval
        - Wind speed maximum in time interval
        - Air pressure average in time interval
        - Solar radiation average in time interval
        train.dropout: 0.123
        train.epochs: 75
        train.forecast_horizon: 6
        train.hidden_size: 128
        train.learning_rate: 0.0097
        train.lookback: 240
        train.min_delta: 0.001
        train.model_name_template: temperature_forecaster_{station}_{timestamp}.pt
        train.model_path_template: models/{station}/
        train.num_layers: 3
        train.other_scaler_name: other_scaler.pkl
        train.patience: 7
        train.plot_name_template: results_{station}_{timestamp}.png
        train.target_column: Temperature
        train.temp_scaler_name: temp_scaler.pkl
        train.test_size: 0.2
        train.val_size: 0.2
    outs:
    - path: models/
      hash: md5
      md5: 831c187e727b660c7be0f90ec2a52326.dir
      size: 4091811
      nfiles: 2
