schema: '2.0'
stages:
  fetch:
    cmd: poetry run python src/data/fetch_temp_data.py
    deps:
    - path: src/data/fetch_temp_data.py
      hash: md5
      md5: 2e00139bf4e68f43bc27b64545106ca9
      size: 1427
    params:
      params.yaml:
        fetch.base_url: https://meteo.arso.gov.si/uploads/probase/www/observ/surface/text/sl/recent/
        fetch.output_file_path_template: data/raw/temp/temp_data_{station}.xml
        fetch.station_url_suffix: observationAms_{station}_history.xml
        stations:
        - LENDAVA
        - PTUJ
        - CELJE
        - CRNOMELJ
        - BOVEC
        - MEZICA
        - ROGLA
    outs:
    - path: data/raw/temp/
      hash: md5
      md5: 872ff6487c367743e2ccf6f8a87315df.dir
      size: 10006144
      nfiles: 7
  preprocess:
    cmd: poetry run python src/data/preprocess_temp_data.py
    deps:
    - path: data/raw/temp/
      hash: md5
      md5: 872ff6487c367743e2ccf6f8a87315df.dir
      size: 10006144
      nfiles: 7
    - path: src/data/preprocess_temp_data.py
      hash: md5
      md5: 56f72435d2037fad16fc6f6524e3553d
      size: 7009
    params:
      params.yaml:
        preprocess.filter_half_hour_stations:
        - PTUJ
        preprocess.input_file_path_template: data/raw/temp/temp_data_{station}.xml
        preprocess.output_file_path_template: data/preprocessed/temp/{station}.csv
        preprocess.xml_data_tag: metData
        stations:
        - LENDAVA
        - PTUJ
        - CELJE
        - CRNOMELJ
        - BOVEC
        - MEZICA
        - ROGLA
    outs:
    - path: data/preprocessed/temp/
      hash: md5
      md5: 1cd19aef236de5eeafe2fc0900b828e0.dir
      size: 2214530
      nfiles: 7
  validation:
    cmd: "cd gx && poetry run python validate_data.py\n"
    deps:
    - path: data/preprocessed/temp/
      hash: md5
      md5: 1cd19aef236de5eeafe2fc0900b828e0.dir
      size: 2214530
      nfiles: 7
    - path: gx/validate_data.py
      hash: md5
      md5: bf9391e4acff532742eeaaf663ee7637
      size: 2483
    outs:
    - path: gx/uncommitted
      hash: md5
      md5: 5c273ab7d805f82b0e36d06e9e0cac35.dir
      size: 11130911
      nfiles: 154
  list_preprocessed_files:
    cmd: ls -lh data/preprocessed/temp/
    deps:
    - path: data/preprocessed/temp/
      hash: md5
      md5: 1cd19aef236de5eeafe2fc0900b828e0.dir
      size: 2214530
      nfiles: 7
